
Microsoft Visual Studio Solution File, Format Version 12.00
# Visual Studio Version 16
VisualStudioVersion = 16.0.32407.337
MinimumVisualStudioVersion = 10.0.40219.1
Project("{9A19103F-16F7-4668-BE54-9A1E7A4F7556}") = "MISA.WEB08.AMIS.API", "MISA.WEB08.AMIS.API\MISA.WEB08.AMIS.API.csproj", "{28CAD8E1-2BAF-44EB-B3C0-3EA4D5F4D660}"
EndProject
Project("{9A19103F-16F7-4668-BE54-9A1E7A4F7556}") = "MISA.WEB08.AMIS.BL", "MISA.WEB08.AMIS.BL\MISA.WEB08.AMIS.BL.csproj", "{F5C57539-F6A7-4CD6-A61E-364C94EAF7E5}"
EndProject
Project("{9A19103F-16F7-4668-BE54-9A1E7A4F7556}") = "MISA.WEB08.AMIS.DL", "MISA.WEB08.AMIS.DL\MISA.WEB08.AMIS.DL.csproj", "{C015663F-AA7B-486B-BDAD-8709506D4EAC}"
EndProject
Project("{9A19103F-16F7-4668-BE54-9A1E7A4F7556}") = "MISA.WEB08.AMIS.Common", "MISA.WEB08.AMIS.Common\MISA.WEB08.AMIS.Common.csproj", "{16BDEDBB-28BE-4BAC-A3AD-FA6A4140F0C5}"
EndProject
Global
	GlobalSection(SolutionConfigurationPlatforms) = preSolution
		Debug|Any CPU = Debug|Any CPU
		Release|Any CPU = Release|Any CPU
	EndGlobalSection
	GlobalSection(ProjectConfigurationPlatforms) = postSolution
		{28CAD8E1-2BAF-44EB-B3C0-3EA4D5F4D660}.Debug|Any CPU.ActiveCfg = Debug|Any CPU
		{28CAD8E1-2BAF-44EB-B3C0-3EA4D5F4D660}.Debug|Any CPU.Build.0 = Debug|Any CPU
		{28CAD8E1-2BAF-44EB-B3C0-3EA4D5F4D660}.Release|Any CPU.ActiveCfg = Release|Any CPU
		{28CAD8E1-2BAF-44EB-B3C0-3EA4D5F4D660}.Release|Any CPU.Build.0 = Release|Any CPU
		{F5C57539-F6A7-4CD6-A61E-364C94EAF7E5}.Debug|Any CPU.ActiveCfg = Debug|Any CPU
		{F5C57539-F6A7-4CD6-A61E-364C94EAF7E5}.Debug|Any CPU.Build.0 = Debug|Any CPU
		{F5C57539-F6A7-4CD6-A61E-364C94EAF7E5}.Release|Any CPU.ActiveCfg = Release|Any CPU
		{F5C57539-F6A7-4CD6-A61E-364C94EAF7E5}.Release|Any CPU.Build.0 = Release|Any CPU
		{C015663F-AA7B-486B-BDAD-8709506D4EAC}.Debug|Any CPU.ActiveCfg = Debug|Any CPU
		{C015663F-AA7B-486B-BDAD-8709506D4EAC}.Debug|Any CPU.Build.0 = Debug|Any CPU
		{C015663F-AA7B-486B-BDAD-8709506D4EAC}.Release|Any CPU.ActiveCfg = Release|Any CPU
		{C015663F-AA7B-486B-BDAD-8709506D4EAC}.Release|Any CPU.Build.0 = Release|Any CPU
		{16BDEDBB-28BE-4BAC-A3AD-FA6A4140F0C5}.Debug|Any CPU.ActiveCfg = Debug|Any CPU
		{16BDEDBB-28BE-4BAC-A3AD-FA6A4140F0C5}.Debug|Any CPU.Build.0 = Debug|Any CPU
		{16BDEDBB-28BE-4BAC-A3AD-FA6A4140F0C5}.Release|Any CPU.ActiveCfg = Release|Any CPU
		{16BDEDBB-28BE-4BAC-A3AD-FA6A4140F0C5}.Release|Any CPU.Build.0 = Release|Any CPU
	EndGlobalSection
	GlobalSection(SolutionProperties) = preSolution
		HideSolutionNode = FALSE
	EndGlobalSection
	GlobalSection(ExtensibilityGlobals) = postSolution
		SolutionGuid = {E2C49871-5EDA-4FC8-9576-CE34A7C6F063}
	EndGlobalSection
EndGlobal
